
Microsoft Visual Studio Solution File, Format Version 12.00
# Visual Studio Version 17
VisualStudioVersion = 17.9.34616.47
MinimumVisualStudioVersion = 10.0.40219.1
Project("{FAE04EC0-301F-11D3-BF4B-00C04F79EFBC}") = "To Do List", "To Do List\To Do List.csproj", "{BBF968DC-2860-4126-8A22-6FBC46E357D2}"
EndProject
Global
	GlobalSection(SolutionConfigurationPlatforms) = preSolution
		Debug|Any CPU = Debug|Any CPU
		Release|Any CPU = Release|Any CPU
	EndGlobalSection
	GlobalSection(ProjectConfigurationPlatforms) = postSolution
		{BBF968DC-2860-4126-8A22-6FBC46E357D2}.Debug|Any CPU.ActiveCfg = Debug|Any CPU
		{BBF968DC-2860-4126-8A22-6FBC46E357D2}.Debug|Any CPU.Build.0 = Debug|Any CPU
		{BBF968DC-2860-4126-8A22-6FBC46E357D2}.Release|Any CPU.ActiveCfg = Release|Any CPU
		{BBF968DC-2860-4126-8A22-6FBC46E357D2}.Release|Any CPU.Build.0 = Release|Any CPU
	EndGlobalSection
	GlobalSection(SolutionProperties) = preSolution
		HideSolutionNode = FALSE
	EndGlobalSection
	GlobalSection(ExtensibilityGlobals) = postSolution
		SolutionGuid = {4C3A43F9-2A1C-45D7-9AEC-9D62F55218EB}
	EndGlobalSection
EndGlobal
